
Microsoft Visual Studio Solution File, Format Version 12.00
# Visual Studio Version 17
VisualStudioVersion = 17.2.32630.192
MinimumVisualStudioVersion = 10.0.40219.1
Project("{FAE04EC0-301F-11D3-BF4B-00C04F79EFBC}") = "RPLidar_WindowsTouch", "RPLidar_WindowsTouch\RPLidar_WindowsTouch.csproj", "{28A61762-CDD4-4BDA-B88D-9D71BB3E1C52}"
EndProject
Global
	GlobalSection(SolutionConfigurationPlatforms) = preSolution
		Debug|Any CPU = Debug|Any CPU
		Release|Any CPU = Release|Any CPU
	EndGlobalSection
	GlobalSection(ProjectConfigurationPlatforms) = postSolution
		{28A61762-CDD4-4BDA-B88D-9D71BB3E1C52}.Debug|Any CPU.ActiveCfg = Debug|Any CPU
		{28A61762-CDD4-4BDA-B88D-9D71BB3E1C52}.Debug|Any CPU.Build.0 = Debug|Any CPU
		{28A61762-CDD4-4BDA-B88D-9D71BB3E1C52}.Release|Any CPU.ActiveCfg = Release|Any CPU
		{28A61762-CDD4-4BDA-B88D-9D71BB3E1C52}.Release|Any CPU.Build.0 = Release|Any CPU
	EndGlobalSection
	GlobalSection(SolutionProperties) = preSolution
		HideSolutionNode = FALSE
	EndGlobalSection
	GlobalSection(ExtensibilityGlobals) = postSolution
		SolutionGuid = {0FD9B839-B7F4-4381-847A-AAC53E251696}
	EndGlobalSection
EndGlobal
